{
    "version": "0.5",
    "requires": [
        "zlib/1.3.2#1cb806da49011867778ffb6ac7190fcb%1777558780.503",
        "re2/20251105#8579cfd0bda4daf0683f9e3898f964b4%1772560729.95",
        "protobuf/6.33.5#ff253ead763bd8d9904a52979cd21e81%1778763145.334",
        "openssl/3.6.3#a81313131c78c6414f25b5fe0a83204b%1783446193.901",
        "gtest/1.17.0#5224b3b3ff3b4ce1133cbdd27d53ee7d%1755784855.585",
        "grpc/1.81.0#b42f805297382dbb0baa7f755a6a0487%1781086054.102",
        "c-ares/1.34.8#074b97a9e38159813ed5e2dcfeb290ca%1784539118.141",
        "abseil/20260107.1#883e95a7be2b767999f64669ac642e5d%1773137897.755"
    ],
    "build_requires": [
        "zlib/1.3.2#1cb806da49011867778ffb6ac7190fcb%1777558780.503",
        "strawberryperl/5.32.1.1#8d114504d172cfea8ea1662d09b6333e%1751971032.423",
        "protobuf/6.33.5#ff253ead763bd8d9904a52979cd21e81%1778763145.334",
        "nasm/2.16.01#31e26f2ee3c4346ecd347911bd126904%1745483323.489",
        "cmake/4.4.0#a5dd5d73bd9fc56b0fc3163a04573dc8%1784051561.926",
        "abseil/20260107.1#883e95a7be2b767999f64669ac642e5d%1773137897.755"
    ],
    "python_requires": [],
    "config_requires": []
}
